
Microsoft Visual Studio Solution File, Format Version 12.00
# Visual Studio 15
Project("{FAE04EC0-301F-11D3-BF4B-00C04F79EFBC}") = "Bow and arrow", "Bow and arrow.csproj", "{A8AD9293-3BD6-BCAD-8CF9-738478100B95}"
EndProject
Project("{FAE04EC0-301F-11D3-BF4B-00C04F79EFBC}") = "Bow and arrow.Editor", "Bow and arrow.Editor.csproj", "{5B7CD60B-DD9B-4202-5254-17AA034EB4E3}"
EndProject
Global
	GlobalSection(SolutionConfigurationPlatforms) = preSolution
		Debug|Any CPU = Debug|Any CPU
		Release|Any CPU = Release|Any CPU
	EndGlobalSection
	GlobalSection(ProjectConfigurationPlatforms) = postSolution
		{A8AD9293-3BD6-BCAD-8CF9-738478100B95}.Debug|Any CPU.ActiveCfg = Debug|Any CPU
		{A8AD9293-3BD6-BCAD-8CF9-738478100B95}.Debug|Any CPU.Build.0 = Debug|Any CPU
		{A8AD9293-3BD6-BCAD-8CF9-738478100B95}.Release|Any CPU.ActiveCfg = Release|Any CPU
		{A8AD9293-3BD6-BCAD-8CF9-738478100B95}.Release|Any CPU.Build.0 = Release|Any CPU
		{5B7CD60B-DD9B-4202-5254-17AA034EB4E3}.Debug|Any CPU.ActiveCfg = Debug|Any CPU
		{5B7CD60B-DD9B-4202-5254-17AA034EB4E3}.Debug|Any CPU.Build.0 = Debug|Any CPU
		{5B7CD60B-DD9B-4202-5254-17AA034EB4E3}.Release|Any CPU.ActiveCfg = Release|Any CPU
		{5B7CD60B-DD9B-4202-5254-17AA034EB4E3}.Release|Any CPU.Build.0 = Release|Any CPU
	EndGlobalSection
	GlobalSection(SolutionProperties) = preSolution
		HideSolutionNode = FALSE
	EndGlobalSection
EndGlobal
